// !$*UTF8*$!
{
	archiveVersion = 1;
	classes = {
	};
	objectVersion = 55;
	objects = {

/* Begin PBXBuildFile section */
		F88F25FA28486F7500C85133 /* AppDelegate.swift in Sources */ = {isa = PBXBuildFile; fileRef = F88F25F928486F7500C85133 /* AppDelegate.swift */; };
		F88F25FC28486F7500C85133 /* SceneDelegate.swift in Sources */ = {isa = PBXBuildFile; fileRef = F88F25FB28486F7500C85133 /* SceneDelegate.swift */; };
		F88F25FE28486F7500C85133 /* ViewController.swift in Sources */ = {isa = PBXBuildFile; fileRef = F88F25FD28486F7500C85133 /* ViewController.swift */; };
		F88F260128486F7500C85133 /* Main.storyboard in Resources */ = {isa = PBXBuildFile; fileRef = F88F25FF28486F7500C85133 /* Main.storyboard */; };
		F88F260328486F7700C85133 /* Assets.xcassets in Resources */ = {isa = PBXBuildFile; fileRef = F88F260228486F7700C85133 /* Assets.xcassets */; };
		F88F260628486F7700C85133 /* LaunchScreen.storyboard in Resources */ = {isa = PBXBuildFile; fileRef = F88F260428486F7700C85133 /* LaunchScreen.storyboard */; };
		F88F261128486F7700C85133 /* BankChallengeApp2Tests.swift in Sources */ = {isa = PBXBuildFile; fileRef = F88F261028486F7700C85133 /* BankChallengeApp2Tests.swift */; };
		F88F261B28486F7700C85133 /* BankChallengeApp2UITests.swift in Sources */ = {isa = PBXBuildFile; fileRef = F88F261A28486F7700C85133 /* BankChallengeApp2UITests.swift */; };
		F88F261D28486F7700C85133 /* BankChallengeApp2UITestsLaunchTests.swift in Sources */ = {isa = PBXBuildFile; fileRef = F88F261C28486F7700C85133 /* BankChallengeApp2UITestsLaunchTests.swift */; };
/* End PBXBuildFile section */

/* Begin PBXContainerItemProxy section */
		F88F260D28486F7700C85133 /* PBXContainerItemProxy */ = {
			isa = PBXContainerItemProxy;
			containerPortal = F88F25EE28486F7500C85133 /* Project object */;
			proxyType = 1;
			remoteGlobalIDString = F88F25F528486F7500C85133;
			remoteInfo = BankChallengeApp2;
		};
		F88F261728486F7700C85133 /* PBXContainerItemProxy */ = {
			isa = PBXContainerItemProxy;
			containerPortal = F88F25EE28486F7500C85133 /* Project object */;
			proxyType = 1;
			remoteGlobalIDString = F88F25F528486F7500C85133;
			remoteInfo = BankChallengeApp2;
		};
/* End PBXContainerItemProxy section */

/* Begin PBXFileReference section */
		F88F25F628486F7500C85133 /* BankChallengeApp2.app */ = {isa = PBXFileReference; explicitFileType = wrapper.application; includeInIndex = 0; path = BankChallengeApp2.app; sourceTree = BUILT_PRODUCTS_DIR; };
		F88F25F928486F7500C85133 /* AppDelegate.swift */ = {isa = PBXFileReference; lastKnownFileType = sourcecode.swift; path = AppDelegate.swift; sourceTree = "<group>"; };
		F88F25FB28486F7500C85133 /* SceneDelegate.swift */ = {isa = PBXFileReference; lastKnownFileType = sourcecode.swift; path = SceneDelegate.swift; sourceTree = "<group>"; };
		F88F25FD28486F7500C85133 /* ViewController.swift */ = {isa = PBXFileReference; lastKnownFileType = sourcecode.swift; path = ViewController.swift; sourceTree = "<group>"; };
		F88F260028486F7500C85133 /* Base */ = {isa = PBXFileReference; lastKnownFileType = file.storyboard; name = Base; path = Base.lproj/Main.storyboard; sourceTree = "<group>"; };
		F88F260228486F7700C85133 /* Assets.xcassets */ = {isa = PBXFileReference; lastKnownFileType = folder.assetcatalog; path = Assets.xcassets; sourceTree = "<group>"; };
		F88F260528486F7700C85133 /* Base */ = {isa = PBXFileReference; lastKnownFileType = file.storyboard; name = Base; path = Base.lproj/LaunchScreen.storyboard; sourceTree = "<group>"; };
		F88F260728486F7700C85133 /* Info.plist */ = {isa = PBXFileReference; lastKnownFileType = text.plist.xml; path = Info.plist; sourceTree = "<group>"; };
		F88F260C28486F7700C85133 /* BankChallengeApp2Tests.xctest */ = {isa = PBXFileReference; explicitFileType = wrapper.cfbundle; includeInIndex = 0; path = BankChallengeApp2Tests.xctest; sourceTree = BUILT_PRODUCTS_DIR; };
		F88F261028486F7700C85133 /* BankChallengeApp2Tests.swift */ = {isa = PBXFileReference; lastKnownFileType = sourcecode.swift; path = BankChallengeApp2Tests.swift; sourceTree = "<group>"; };
		F88F261628486F7700C85133 /* BankChallengeApp2UITests.xctest */ = {isa = PBXFileReference; explicitFileType = wrapper.cfbundle; includeInIndex = 0; path = BankChallengeApp2UITests.xctest; sourceTree = BUILT_PRODUCTS_DIR; };
		F88F261A28486F7700C85133 /* BankChallengeApp2UITests.swift */ = {isa = PBXFileReference; lastKnownFileType = sourcecode.swift; path = BankChallengeApp2UITests.swift; sourceTree = "<group>"; };
		F88F261C28486F7700C85133 /* BankChallengeApp2UITestsLaunchTests.swift */ = {isa = PBXFileReference; lastKnownFileType = sourcecode.swift; path = BankChallengeApp2UITestsLaunchTests.swift; sourceTree = "<group>"; };
/* End PBXFileReference section */

/* Begin PBXFrameworksBuildPhase section */
		F88F25F328486F7500C85133 /* Frameworks */ = {
			isa = PBXFrameworksBuildPhase;
			buildActionMask = 2147483647;
			files = (
			);
			runOnlyForDeploymentPostprocessing = 0;
		};
		F88F260928486F7700C85133 /* Frameworks */ = {
			isa = PBXFrameworksBuildPhase;
			buildActionMask = 2147483647;
			files = (
			);
			runOnlyForDeploymentPostprocessing = 0;
		};
		F88F261328486F7700C85133 /* Frameworks */ = {
			isa = PBXFrameworksBuildPhase;
			buildActionMask = 2147483647;
			files = (
			);
			runOnlyForDeploymentPostprocessing = 0;
		};
/* End PBXFrameworksBuildPhase section */

/* Begin PBXGroup section */
		F88F25ED28486F7500C85133 = {
			isa = PBXGroup;
			children = (
				F88F25F828486F7500C85133 /* BankChallengeApp2 */,
				F88F260F28486F7700C85133 /* BankChallengeApp2Tests */,
				F88F261928486F7700C85133 /* BankChallengeApp2UITests */,
				F88F25F728486F7500C85133 /* Products */,
			);
			sourceTree = "<group>";
		};
		F88F25F728486F7500C85133 /* Products */ = {
			isa = PBXGroup;
			children = (
				F88F25F628486F7500C85133 /* BankChallengeApp2.app */,
				F88F260C28486F7700C85133 /* BankChallengeApp2Tests.xctest */,
				F88F261628486F7700C85133 /* BankChallengeApp2UITests.xctest */,
			);
			name = Products;
			sourceTree = "<group>";
		};
		F88F25F828486F7500C85133 /* BankChallengeApp2 */ = {
			isa = PBXGroup;
			children = (
				F88F25F928486F7500C85133 /* AppDelegate.swift */,
				F88F25FB28486F7500C85133 /* SceneDelegate.swift */,
				F88F25FD28486F7500C85133 /* ViewController.swift */,
				F88F25FF28486F7500C85133 /* Main.storyboard */,
				F88F260228486F7700C85133 /* Assets.xcassets */,
				F88F260428486F7700C85133 /* LaunchScreen.storyboard */,
				F88F260728486F7700C85133 /* Info.plist */,
			);
			path = BankChallengeApp2;
			sourceTree = "<group>";
		};
		F88F260F28486F7700C85133 /* BankChallengeApp2Tests */ = {
			isa = PBXGroup;
			children = (
				F88F261028486F7700C85133 /* BankChallengeApp2Tests.swift */,
			);
			path = BankChallengeApp2Tests;
			sourceTree = "<group>";
		};
		F88F261928486F7700C85133 /* BankChallengeApp2UITests */ = {
			isa = PBXGroup;
			children = (
				F88F261A28486F7700C85133 /* BankChallengeApp2UITests.swift */,
				F88F261C28486F7700C85133 /* BankChallengeApp2UITestsLaunchTests.swift */,
			);
			path = BankChallengeApp2UITests;
			sourceTree = "<group>";
		};
/* End PBXGroup section */

/* Begin PBXNativeTarget section */
		F88F25F528486F7500C85133 /* BankChallengeApp2 */ = {
			isa = PBXNativeTarget;
			buildConfigurationList = F88F262028486F7700C85133 /* Build configuration list for PBXNativeTarget "BankChallengeApp2" */;
			buildPhases = (
				F88F25F228486F7500C85133 /* Sources */,
				F88F25F328486F7500C85133 /* Frameworks */,
				F88F25F428486F7500C85133 /* Resources */,
			);
			buildRules = (
			);
			dependencies = (
			);
			name = BankChallengeApp2;
			productName = BankChallengeApp2;
			productReference = F88F25F628486F7500C85133 /* BankChallengeApp2.app */;
			productType = "com.apple.product-type.application";
		};
		F88F260B28486F7700C85133 /* BankChallengeApp2Tests */ = {
			isa = PBXNativeTarget;
			buildConfigurationList = F88F262328486F7700C85133 /* Build configuration list for PBXNativeTarget "BankChallengeApp2Tests" */;
			buildPhases = (
				F88F260828486F7700C85133 /* Sources */,
				F88F260928486F7700C85133 /* Frameworks */,
				F88F260A28486F7700C85133 /* Resources */,
			);
			buildRules = (
			);
			dependencies = (
				F88F260E28486F7700C85133 /* PBXTargetDependency */,
			);
			name = BankChallengeApp2Tests;
			productName = BankChallengeApp2Tests;
			productReference = F88F260C28486F7700C85133 /* BankChallengeApp2Tests.xctest */;
			productType = "com.apple.product-type.bundle.unit-test";
		};
		F88F261528486F7700C85133 /* BankChallengeApp2UITests */ = {
			isa = PBXNativeTarget;
			buildConfigurationList = F88F262628486F7700C85133 /* Build configuration list for PBXNativeTarget "BankChallengeApp2UITests" */;
			buildPhases = (
				F88F261228486F7700C85133 /* Sources */,
				F88F261328486F7700C85133 /* Frameworks */,
				F88F261428486F7700C85133 /* Resources */,
			);
			buildRules = (
			);
			dependencies = (
				F88F261828486F7700C85133 /* PBXTargetDependency */,
			);
			name = BankChallengeApp2UITests;
			productName = BankChallengeApp2UITests;
			productReference = F88F261628486F7700C85133 /* BankChallengeApp2UITests.xctest */;
			productType = "com.apple.product-type.bundle.ui-testing";
		};
/* End PBXNativeTarget section */

/* Begin PBXProject section */
		F88F25EE28486F7500C85133 /* Project object */ = {
			isa = PBXProject;
			attributes = {
				BuildIndependentTargetsInParallel = 1;
				LastSwiftUpdateCheck = 1340;
				LastUpgradeCheck = 1340;
				TargetAttributes = {
					F88F25F528486F7500C85133 = {
						CreatedOnToolsVersion = 13.4;
					};
					F88F260B28486F7700C85133 = {
						CreatedOnToolsVersion = 13.4;
						TestTargetID = F88F25F528486F7500C85133;
					};
					F88F261528486F7700C85133 = {
						CreatedOnToolsVersion = 13.4;
						TestTargetID = F88F25F528486F7500C85133;
					};
				};
			};
			buildConfigurationList = F88F25F128486F7500C85133 /* Build configuration list for PBXProject "BankChallengeApp2" */;
			compatibilityVersion = "Xcode 13.0";
			developmentRegion = en;
			hasScannedForEncodings = 0;
			knownRegions = (
				en,
				Base,
			);
			mainGroup = F88F25ED28486F7500C85133;
			productRefGroup = F88F25F728486F7500C85133 /* Products */;
			projectDirPath = "";
			projectRoot = "";
			targets = (
				F88F25F528486F7500C85133 /* BankChallengeApp2 */,
				F88F260B28486F7700C85133 /* BankChallengeApp2Tests */,
				F88F261528486F7700C85133 /* BankChallengeApp2UITests */,
			);
		};
/* End PBXProject section */

/* Begin PBXResourcesBuildPhase section */
		F88F25F428486F7500C85133 /* Resources */ = {
			isa = PBXResourcesBuildPhase;
			buildActionMask = 2147483647;
			files = (
				F88F260628486F7700C85133 /* LaunchScreen.storyboard in Resources */,
				F88F260328486F7700C85133 /* Assets.xcassets in Resources */,
				F88F260128486F7500C85133 /* Main.storyboard in Resources */,
			);
			runOnlyForDeploymentPostprocessing = 0;
		};
		F88F260A28486F7700C85133 /* Resources */ = {
			isa = PBXResourcesBuildPhase;
			buildActionMask = 2147483647;
			files = (
			);
			runOnlyForDeploymentPostprocessing = 0;
		};
		F88F261428486F7700C85133 /* Resources */ = {
			isa = PBXResourcesBuildPhase;
			buildActionMask = 2147483647;
			files = (
			);
			runOnlyForDeploymentPostprocessing = 0;
		};
/* End PBXResourcesBuildPhase section */

/* Begin PBXSourcesBuildPhase section */
		F88F25F228486F7500C85133 /* Sources */ = {
			isa = PBXSourcesBuildPhase;
			buildActionMask = 2147483647;
			files = (
				F88F25FE28486F7500C85133 /* ViewController.swift in Sources */,
				F88F25FA28486F7500C85133 /* AppDelegate.swift in Sources */,
				F88F25FC28486F7500C85133 /* SceneDelegate.swift in Sources */,
			);
			runOnlyForDeploymentPostprocessing = 0;
		};
		F88F260828486F7700C85133 /* Sources */ = {
			isa = PBXSourcesBuildPhase;
			buildActionMask = 2147483647;
			files = (
				F88F261128486F7700C85133 /* BankChallengeApp2Tests.swift in Sources */,
			);
			runOnlyForDeploymentPostprocessing = 0;
		};
		F88F261228486F7700C85133 /* Sources */ = {
			isa = PBXSourcesBuildPhase;
			buildActionMask = 2147483647;
			files = (
				F88F261B28486F7700C85133 /* BankChallengeApp2UITests.swift in Sources */,
				F88F261D28486F7700C85133 /* BankChallengeApp2UITestsLaunchTests.swift in Sources */,
			);
			runOnlyForDeploymentPostprocessing = 0;
		};
/* End PBXSourcesBuildPhase section */

/* Begin PBXTargetDependency section */
		F88F260E28486F7700C85133 /* PBXTargetDependency */ = {
			isa = PBXTargetDependency;
			target = F88F25F528486F7500C85133 /* BankChallengeApp2 */;
			targetProxy = F88F260D28486F7700C85133 /* PBXContainerItemProxy */;
		};
		F88F261828486F7700C85133 /* PBXTargetDependency */ = {
			isa = PBXTargetDependency;
			target = F88F25F528486F7500C85133 /* BankChallengeApp2 */;
			targetProxy = F88F261728486F7700C85133 /* PBXContainerItemProxy */;
		};
/* End PBXTargetDependency section */

/* Begin PBXVariantGroup section */
		F88F25FF28486F7500C85133 /* Main.storyboard */ = {
			isa = PBXVariantGroup;
			children = (
				F88F260028486F7500C85133 /* Base */,
			);
			name = Main.storyboard;
			sourceTree = "<group>";
		};
		F88F260428486F7700C85133 /* LaunchScreen.storyboard */ = {
			isa = PBXVariantGroup;
			children = (
				F88F260528486F7700C85133 /* Base */,
			);
			name = LaunchScreen.storyboard;
			sourceTree = "<group>";
		};
/* End PBXVariantGroup section */

/* Begin XCBuildConfiguration section */
		F88F261E28486F7700C85133 /* Debug */ = {
			isa = XCBuildConfiguration;
			buildSettings = {
				ALWAYS_SEARCH_USER_PATHS = NO;
				CLANG_ANALYZER_NONNULL = YES;
				CLANG_ANALYZER_NUMBER_OBJECT_CONVERSION = YES_AGGRESSIVE;
				CLANG_CXX_LANGUAGE_STANDARD = "gnu++17";
				CLANG_ENABLE_MODULES = YES;
				CLANG_ENABLE_OBJC_ARC = YES;
				CLANG_ENABLE_OBJC_WEAK = YES;
				CLANG_WARN_BLOCK_CAPTURE_AUTORELEASING = YES;
				CLANG_WARN_BOOL_CONVERSION = YES;
				CLANG_WARN_COMMA = YES;
				CLANG_WARN_CONSTANT_CONVERSION = YES;
				CLANG_WARN_DEPRECATED_OBJC_IMPLEMENTATIONS = YES;
				CLANG_WARN_DIRECT_OBJC_ISA_USAGE = YES_ERROR;
				CLANG_WARN_DOCUMENTATION_COMMENTS = YES;
				CLANG_WARN_EMPTY_BODY = YES;
				CLANG_WARN_ENUM_CONVERSION = YES;
				CLANG_WARN_INFINITE_RECURSION = YES;
				CLANG_WARN_INT_CONVERSION = YES;
				CLANG_WARN_NON_LITERAL_NULL_CONVERSION = YES;
				CLANG_WARN_OBJC_IMPLICIT_RETAIN_SELF = YES;
				CLANG_WARN_OBJC_LITERAL_CONVERSION = YES;
				CLANG_WARN_OBJC_ROOT_CLASS = YES_ERROR;
				CLANG_WARN_QUOTED_INCLUDE_IN_FRAMEWORK_HEADER = YES;
				CLANG_WARN_RANGE_LOOP_ANALYSIS = YES;
				CLANG_WARN_STRICT_PROTOTYPES = YES;
				CLANG_WARN_SUSPICIOUS_MOVE = YES;
				CLANG_WARN_UNGUARDED_AVAILABILITY = YES_AGGRESSIVE;
				CLANG_WARN_UNREACHABLE_CODE = YES;
				CLANG_WARN__DUPLICATE_METHOD_MATCH = YES;
				COPY_PHASE_STRIP = NO;
				DEBUG_INFORMATION_FORMAT = dwarf;
				ENABLE_STRICT_OBJC_MSGSEND = YES;
				ENABLE_TESTABILITY = YES;
				GCC_C_LANGUAGE_STANDARD = gnu11;
				GCC_DYNAMIC_NO_PIC = NO;
				GCC_NO_COMMON_BLOCKS = YES;
				GCC_OPTIMIZATION_LEVEL = 0;
				GCC_PREPROCESSOR_DEFINITIONS = (
					"DEBUG=1",
					"$(inherited)",
				);
				GCC_WARN_64_TO_32_BIT_CONVERSION = YES;
				GCC_WARN_ABOUT_RETURN_TYPE = YES_ERROR;
				GCC_WARN_UNDECLARED_SELECTOR = YES;
				GCC_WARN_UNINITIALIZED_AUTOS = YES_AGGRESSIVE;
				GCC_WARN_UNUSED_FUNCTION = YES;
				GCC_WARN_UNUSED_VARIABLE = YES;
				IPHONEOS_DEPLOYMENT_TARGET = 15.5;
				MTL_ENABLE_DEBUG_INFO = INCLUDE_SOURCE;
				MTL_FAST_MATH = YES;
				ONLY_ACTIVE_ARCH = YES;
				SDKROOT = iphoneos;
				SWIFT_ACTIVE_COMPILATION_CONDITIONS = DEBUG;
				SWIFT_OPTIMIZATION_LEVEL = "-Onone";
			};
			name = Debug;
		};
		F88F261F28486F7700C85133 /* Release */ = {
			isa = XCBuildConfiguration;
			buildSettings = {
				ALWAYS_SEARCH_USER_PATHS = NO;
				CLANG_ANALYZER_NONNULL = YES;
				CLANG_ANALYZER_NUMBER_OBJECT_CONVERSION = YES_AGGRESSIVE;
				CLANG_CXX_LANGUAGE_STANDARD = "gnu++17";
				CLANG_ENABLE_MODULES = YES;
				CLANG_ENABLE_OBJC_ARC = YES;
				CLANG_ENABLE_OBJC_WEAK = YES;
				CLANG_WARN_BLOCK_CAPTURE_AUTORELEASING = YES;
				CLANG_WARN_BOOL_CONVERSION = YES;
				CLANG_WARN_COMMA = YES;
				CLANG_WARN_CONSTANT_CONVERSION = YES;
				CLANG_WARN_DEPRECATED_OBJC_IMPLEMENTATIONS = YES;
				CLANG_WARN_DIRECT_OBJC_ISA_USAGE = YES_ERROR;
				CLANG_WARN_DOCUMENTATION_COMMENTS = YES;
				CLANG_WARN_EMPTY_BODY = YES;
				CLANG_WARN_ENUM_CONVERSION = YES;
				CLANG_WARN_INFINITE_RECURSION = YES;
				CLANG_WARN_INT_CONVERSION = YES;
				CLANG_WARN_NON_LITERAL_NULL_CONVERSION = YES;
				CLANG_WARN_OBJC_IMPLICIT_RETAIN_SELF = YES;
				CLANG_WARN_OBJC_LITERAL_CONVERSION = YES;
				CLANG_WARN_OBJC_ROOT_CLASS = YES_ERROR;
				CLANG_WARN_QUOTED_INCLUDE_IN_FRAMEWORK_HEADER = YES;
				CLANG_WARN_RANGE_LOOP_ANALYSIS = YES;
				CLANG_WARN_STRICT_PROTOTYPES = YES;
				CLANG_WARN_SUSPICIOUS_MOVE = YES;
				CLANG_WARN_UNGUARDED_AVAILABILITY = YES_AGGRESSIVE;
				CLANG_WARN_UNREACHABLE_CODE = YES;
				CLANG_WARN__DUPLICATE_METHOD_MATCH = YES;
				COPY_PHASE_STRIP = NO;
				DEBUG_INFORMATION_FORMAT = "dwarf-with-dsym";
				ENABLE_NS_ASSERTIONS = NO;
				ENABLE_STRICT_OBJC_MSGSEND = YES;
				GCC_C_LANGUAGE_STANDARD = gnu11;
				GCC_NO_COMMON_BLOCKS = YES;
				GCC_WARN_64_TO_32_BIT_CONVERSION = YES;
				GCC_WARN_ABOUT_RETURN_TYPE = YES_ERROR;
				GCC_WARN_UNDECLARED_SELECTOR = YES;
				GCC_WARN_UNINITIALIZED_AUTOS = YES_AGGRESSIVE;
				GCC_WARN_UNUSED_FUNCTION = YES;
				GCC_WARN_UNUSED_VARIABLE = YES;
				IPHONEOS_DEPLOYMENT_TARGET = 15.5;
				MTL_ENABLE_DEBUG_INFO = NO;
				MTL_FAST_MATH = YES;
				SDKROOT = iphoneos;
				SWIFT_COMPILATION_MODE = wholemodule;
				SWIFT_OPTIMIZATION_LEVEL = "-O";
				VALIDATE_PRODUCT = YES;
			};
			name = Release;
		};
		F88F262128486F7700C85133 /* Debug */ = {
			isa = XCBuildConfiguration;
			buildSettings = {
				ASSETCATALOG_COMPILER_APPICON_NAME = AppIcon;
				ASSETCATALOG_COMPILER_GLOBAL_ACCENT_COLOR_NAME = AccentColor;
				CODE_SIGN_STYLE = Automatic;
				CURRENT_PROJECT_VERSION = 1;
				DEVELOPMENT_TEAM = 473AAT6556;
				GENERATE_INFOPLIST_FILE = YES;
				INFOPLIST_FILE = BankChallengeApp2/Info.plist;
				INFOPLIST_KEY_UIApplicationSupportsIndirectInputEvents = YES;
				INFOPLIST_KEY_UILaunchStoryboardName = LaunchScreen;
				INFOPLIST_KEY_UIMainStoryboardFile = Main;
				INFOPLIST_KEY_UISupportedInterfaceOrientations_iPad = "UIInterfaceOrientationPortrait UIInterfaceOrientationPortraitUpsideDown UIInterfaceOrientationLandscapeLeft UIInterfaceOrientationLandscapeRight";
				INFOPLIST_KEY_UISupportedInterfaceOrientations_iPhone = "UIInterfaceOrientationPortrait UIInterfaceOrientationLandscapeLeft UIInterfaceOrientationLandscapeRight";
				LD_RUNPATH_SEARCH_PATHS = (
					"$(inherited)",
					"@executable_path/Frameworks",
				);
				MARKETING_VERSION = 1.0;
				PRODUCT_BUNDLE_IDENTIFIER = dev.matheuslenke.BankChallengeApp2;
				PRODUCT_NAME = "$(TARGET_NAME)";
				SWIFT_EMIT_LOC_STRINGS = YES;
				SWIFT_VERSION = 5.0;
				TARGETED_DEVICE_FAMILY = "1,2";
			};
			name = Debug;
		};
		F88F262228486F7700C85133 /* Release */ = {
			isa = XCBuildConfiguration;
			buildSettings = {
				ASSETCATALOG_COMPILER_APPICON_NAME = AppIcon;
				ASSETCATALOG_COMPILER_GLOBAL_ACCENT_COLOR_NAME = AccentColor;
				CODE_SIGN_STYLE = Automatic;
				CURRENT_PROJECT_VERSION = 1;
				DEVELOPMENT_TEAM = 473AAT6556;
				GENERATE_INFOPLIST_FILE = YES;
				INFOPLIST_FILE = BankChallengeApp2/Info.plist;
				INFOPLIST_KEY_UIApplicationSupportsIndirectInputEvents = YES;
				INFOPLIST_KEY_UILaunchStoryboardName = LaunchScreen;
				INFOPLIST_KEY_UIMainStoryboardFile = Main;
				INFOPLIST_KEY_UISupportedInterfaceOrientations_iPad = "UIInterfaceOrientationPortrait UIInterfaceOrientationPortraitUpsideDown UIInterfaceOrientationLandscapeLeft UIInterfaceOrientationLandscapeRight";
				INFOPLIST_KEY_UISupportedInterfaceOrientations_iPhone = "UIInterfaceOrientationPortrait UIInterfaceOrientationLandscapeLeft UIInterfaceOrientationLandscapeRight";
				LD_RUNPATH_SEARCH_PATHS = (
					"$(inherited)",
					"@executable_path/Frameworks",
				);
				MARKETING_VERSION = 1.0;
				PRODUCT_BUNDLE_IDENTIFIER = dev.matheuslenke.BankChallengeApp2;
				PRODUCT_NAME = "$(TARGET_NAME)";
				SWIFT_EMIT_LOC_STRINGS = YES;
				SWIFT_VERSION = 5.0;
				TARGETED_DEVICE_FAMILY = "1,2";
			};
			name = Release;
		};
		F88F262428486F7700C85133 /* Debug */ = {
			isa = XCBuildConfiguration;
			buildSettings = {
				ALWAYS_EMBED_SWIFT_STANDARD_LIBRARIES = YES;
				BUNDLE_LOADER = "$(TEST_HOST)";
				CODE_SIGN_STYLE = Automatic;
				CURRENT_PROJECT_VERSION = 1;
				DEVELOPMENT_TEAM = 473AAT6556;
				GENERATE_INFOPLIST_FILE = YES;
				IPHONEOS_DEPLOYMENT_TARGET = 15.5;
				MARKETING_VERSION = 1.0;
				PRODUCT_BUNDLE_IDENTIFIER = dev.matheuslenke.BankChallengeApp2Tests;
				PRODUCT_NAME = "$(TARGET_NAME)";
				SWIFT_EMIT_LOC_STRINGS = NO;
				SWIFT_VERSION = 5.0;
				TARGETED_DEVICE_FAMILY = "1,2";
				TEST_HOST = "$(BUILT_PRODUCTS_DIR)/BankChallengeApp2.app/BankChallengeApp2";
			};
			name = Debug;
		};
		F88F262528486F7700C85133 /* Release */ = {
			isa = XCBuildConfiguration;
			buildSettings = {
				ALWAYS_EMBED_SWIFT_STANDARD_LIBRARIES = YES;
				BUNDLE_LOADER = "$(TEST_HOST)";
				CODE_SIGN_STYLE = Automatic;
				CURRENT_PROJECT_VERSION = 1;
				DEVELOPMENT_TEAM = 473AAT6556;
				GENERATE_INFOPLIST_FILE = YES;
				IPHONEOS_DEPLOYMENT_TARGET = 15.5;
				MARKETING_VERSION = 1.0;
				PRODUCT_BUNDLE_IDENTIFIER = dev.matheuslenke.BankChallengeApp2Tests;
				PRODUCT_NAME = "$(TARGET_NAME)";
				SWIFT_EMIT_LOC_STRINGS = NO;
				SWIFT_VERSION = 5.0;
				TARGETED_DEVICE_FAMILY = "1,2";
				TEST_HOST = "$(BUILT_PRODUCTS_DIR)/BankChallengeApp2.app/BankChallengeApp2";
			};
			name = Release;
		};
		F88F262728486F7700C85133 /* Debug */ = {
			isa = XCBuildConfiguration;
			buildSettings = {
				ALWAYS_EMBED_SWIFT_STANDARD_LIBRARIES = YES;
				CODE_SIGN_STYLE = Automatic;
				CURRENT_PROJECT_VERSION = 1;
				DEVELOPMENT_TEAM = 473AAT6556;
				GENERATE_INFOPLIST_FILE = YES;
				MARKETING_VERSION = 1.0;
				PRODUCT_BUNDLE_IDENTIFIER = dev.matheuslenke.BankChallengeApp2UITests;
				PRODUCT_NAME = "$(TARGET_NAME)";
				SWIFT_EMIT_LOC_STRINGS = NO;
				SWIFT_VERSION = 5.0;
				TARGETED_DEVICE_FAMILY = "1,2";
				TEST_TARGET_NAME = BankChallengeApp2;
			};
			name = Debug;
		};
		F88F262828486F7700C85133 /* Release */ = {
			isa = XCBuildConfiguration;
			buildSettings = {
				ALWAYS_EMBED_SWIFT_STANDARD_LIBRARIES = YES;
				CODE_SIGN_STYLE = Automatic;
				CURRENT_PROJECT_VERSION = 1;
				DEVELOPMENT_TEAM = 473AAT6556;
				GENERATE_INFOPLIST_FILE = YES;
				MARKETING_VERSION = 1.0;
				PRODUCT_BUNDLE_IDENTIFIER = dev.matheuslenke.BankChallengeApp2UITests;
				PRODUCT_NAME = "$(TARGET_NAME)";
				SWIFT_EMIT_LOC_STRINGS = NO;
				SWIFT_VERSION = 5.0;
				TARGETED_DEVICE_FAMILY = "1,2";
				TEST_TARGET_NAME = BankChallengeApp2;
			};
			name = Release;
		};
/* End XCBuildConfiguration section */

/* Begin XCConfigurationList section */
		F88F25F128486F7500C85133 /* Build configuration list for PBXProject "BankChallengeApp2" */ = {
			isa = XCConfigurationList;
			buildConfigurations = (
				F88F261E28486F7700C85133 /* Debug */,
				F88F261F28486F7700C85133 /* Release */,
			);
			defaultConfigurationIsVisible = 0;
			defaultConfigurationName = Release;
		};
		F88F262028486F7700C85133 /* Build configuration list for PBXNativeTarget "BankChallengeApp2" */ = {
			isa = XCConfigurationList;
			buildConfigurations = (
				F88F262128486F7700C85133 /* Debug */,
				F88F262228486F7700C85133 /* Release */,
			);
			defaultConfigurationIsVisible = 0;
			defaultConfigurationName = Release;
		};
		F88F262328486F7700C85133 /* Build configuration list for PBXNativeTarget "BankChallengeApp2Tests" */ = {
			isa = XCConfigurationList;
			buildConfigurations = (
				F88F262428486F7700C85133 /* Debug */,
				F88F262528486F7700C85133 /* Release */,
			);
			defaultConfigurationIsVisible = 0;
			defaultConfigurationName = Release;
		};
		F88F262628486F7700C85133 /* Build configuration list for PBXNativeTarget "BankChallengeApp2UITests" */ = {
			isa = XCConfigurationList;
			buildConfigurations = (
				F88F262728486F7700C85133 /* Debug */,
				F88F262828486F7700C85133 /* Release */,
			);
			defaultConfigurationIsVisible = 0;
			defaultConfigurationName = Release;
		};
/* End XCConfigurationList section */
	};
	rootObject = F88F25EE28486F7500C85133 /* Project object */;
}
